
Microsoft Visual Studio Solution File, Format Version 12.00
# Visual Studio Version 16
VisualStudioVersion = 16.0.30907.101
MinimumVisualStudioVersion = 10.0.40219.1
Project("{FAE04EC0-301F-11D3-BF4B-00C04F79EFBC}") = "Defibrillator", "Defibrillator\Defibrillator.csproj", "{ABEB808D-675C-4CFE-A407-349A7F6E175F}"
EndProject
Global
	GlobalSection(SolutionConfigurationPlatforms) = preSolution
		Debug|Any CPU = Debug|Any CPU
		Release|Any CPU = Release|Any CPU
	EndGlobalSection
	GlobalSection(ProjectConfigurationPlatforms) = postSolution
		{ABEB808D-675C-4CFE-A407-349A7F6E175F}.Debug|Any CPU.ActiveCfg = Debug|Any CPU
		{ABEB808D-675C-4CFE-A407-349A7F6E175F}.Debug|Any CPU.Build.0 = Debug|Any CPU
		{ABEB808D-675C-4CFE-A407-349A7F6E175F}.Release|Any CPU.ActiveCfg = Release|Any CPU
		{ABEB808D-675C-4CFE-A407-349A7F6E175F}.Release|Any CPU.Build.0 = Release|Any CPU
	EndGlobalSection
	GlobalSection(SolutionProperties) = preSolution
		HideSolutionNode = FALSE
	EndGlobalSection
	GlobalSection(ExtensibilityGlobals) = postSolution
		SolutionGuid = {853C590F-7CAE-4B0F-8629-C6A55D1E30B6}
	EndGlobalSection
EndGlobal
